
Microsoft Visual Studio Solution File, Format Version 12.00
# Visual Studio Version 16
VisualStudioVersion = 16.0.31321.278
MinimumVisualStudioVersion = 10.0.40219.1
Project("{FAE04EC0-301F-11D3-BF4B-00C04F79EFBC}") = "MouseMover", "MouseMover\MouseMover.csproj", "{3C4FF1E2-5D7A-4AC9-B540-E83D68886E2C}"
EndProject
Global
	GlobalSection(SolutionConfigurationPlatforms) = preSolution
		Debug|Any CPU = Debug|Any CPU
		Debug|x64 = Debug|x64
		Debug|x86 = Debug|x86
		Release|Any CPU = Release|Any CPU
		Release|x64 = Release|x64
		Release|x86 = Release|x86
	EndGlobalSection
	GlobalSection(ProjectConfigurationPlatforms) = postSolution
		{3C4FF1E2-5D7A-4AC9-B540-E83D68886E2C}.Debug|Any CPU.ActiveCfg = Debug|Any CPU
		{3C4FF1E2-5D7A-4AC9-B540-E83D68886E2C}.Debug|Any CPU.Build.0 = Debug|Any CPU
		{3C4FF1E2-5D7A-4AC9-B540-E83D68886E2C}.Debug|x64.ActiveCfg = Debug|x64
		{3C4FF1E2-5D7A-4AC9-B540-E83D68886E2C}.Debug|x64.Build.0 = Debug|x64
		{3C4FF1E2-5D7A-4AC9-B540-E83D68886E2C}.Debug|x86.ActiveCfg = Debug|Any CPU
		{3C4FF1E2-5D7A-4AC9-B540-E83D68886E2C}.Debug|x86.Build.0 = Debug|Any CPU
		{3C4FF1E2-5D7A-4AC9-B540-E83D68886E2C}.Release|Any CPU.ActiveCfg = Release|Any CPU
		{3C4FF1E2-5D7A-4AC9-B540-E83D68886E2C}.Release|Any CPU.Build.0 = Release|Any CPU
		{3C4FF1E2-5D7A-4AC9-B540-E83D68886E2C}.Release|x64.ActiveCfg = Release|x64
		{3C4FF1E2-5D7A-4AC9-B540-E83D68886E2C}.Release|x64.Build.0 = Release|x64
		{3C4FF1E2-5D7A-4AC9-B540-E83D68886E2C}.Release|x86.ActiveCfg = Release|Any CPU
		{3C4FF1E2-5D7A-4AC9-B540-E83D68886E2C}.Release|x86.Build.0 = Release|Any CPU
	EndGlobalSection
	GlobalSection(SolutionProperties) = preSolution
		HideSolutionNode = FALSE
	EndGlobalSection
	GlobalSection(ExtensibilityGlobals) = postSolution
		SolutionGuid = {99B303AE-3F1B-4EF6-B947-9E92D529B809}
	EndGlobalSection
	GlobalSection(TeamFoundationVersionControl) = preSolution
		SccNumberOfProjects = 2
		SccEnterpriseProvider = {4CA58AB2-18FA-4F8D-95D4-32DDF27D184C}
		SccTeamFoundationServer = https://dev.azure.com/petrecalinoiu
		SccLocalPath0 = .
		SccProjectUniqueName1 = MouseMover\\MouseMover.csproj
		SccProjectName1 = MouseMover
		SccLocalPath1 = MouseMover
	EndGlobalSection
EndGlobal
